
Microsoft Visual Studio Solution File, Format Version 12.00
# Visual Studio Version 17
VisualStudioVersion = 17.12.35527.113
MinimumVisualStudioVersion = 10.0.40219.1
Project("{FAE04EC0-301F-11D3-BF4B-00C04F79EFBC}") = "Startup", "src\Startup\Startup.csproj", "{F5CEF57B-2E3E-4E35-8F39-F436D2BE9675}"
EndProject
Project("{FAE04EC0-301F-11D3-BF4B-00C04F79EFBC}") = "Domain", "src\Domain\Domain.csproj", "{C6B66AB4-163D-4AC2-AF8F-8C7C62152389}"
EndProject
Project("{FAE04EC0-301F-11D3-BF4B-00C04F79EFBC}") = "Application", "src\Application\Application.csproj", "{CCE74D85-F829-4DB0-A6D8-A6090AAD80B8}"
EndProject
Project("{FAE04EC0-301F-11D3-BF4B-00C04F79EFBC}") = "Infrastructure", "src\Infrastructure\Infrastructure.csproj", "{8E8783DE-BFA5-43E4-BB12-BCBF9EC0D7C3}"
EndProject
Project("{FAE04EC0-301F-11D3-BF4B-00C04F79EFBC}") = "IotRestApi", "src\IotRestApi\IotRestApi.csproj", "{842935E2-B24E-4BB3-A609-67C529240DBC}"
EndProject
Project("{FAE04EC0-301F-11D3-BF4B-00C04F79EFBC}") = "WebApp.Server", "src\WebApp.Server\WebApp.Server.csproj", "{EF12F508-7492-4318-9365-5EDC484766FA}"
EndProject
Project("{54A90642-561A-4BB1-A94E-469ADEE60C69}") = "webapp.client", "src\webapp.client\webapp.client.esproj", "{06148BF4-D28B-484A-A8EE-E15CFCC9DC0B}"
EndProject
Global
	GlobalSection(SolutionConfigurationPlatforms) = preSolution
		Debug|Any CPU = Debug|Any CPU
		Release|Any CPU = Release|Any CPU
	EndGlobalSection
	GlobalSection(ProjectConfigurationPlatforms) = postSolution
		{F5CEF57B-2E3E-4E35-8F39-F436D2BE9675}.Debug|Any CPU.ActiveCfg = Debug|Any CPU
		{F5CEF57B-2E3E-4E35-8F39-F436D2BE9675}.Debug|Any CPU.Build.0 = Debug|Any CPU
		{F5CEF57B-2E3E-4E35-8F39-F436D2BE9675}.Release|Any CPU.ActiveCfg = Release|Any CPU
		{F5CEF57B-2E3E-4E35-8F39-F436D2BE9675}.Release|Any CPU.Build.0 = Release|Any CPU
		{C6B66AB4-163D-4AC2-AF8F-8C7C62152389}.Debug|Any CPU.ActiveCfg = Debug|Any CPU
		{C6B66AB4-163D-4AC2-AF8F-8C7C62152389}.Debug|Any CPU.Build.0 = Debug|Any CPU
		{C6B66AB4-163D-4AC2-AF8F-8C7C62152389}.Release|Any CPU.ActiveCfg = Release|Any CPU
		{C6B66AB4-163D-4AC2-AF8F-8C7C62152389}.Release|Any CPU.Build.0 = Release|Any CPU
		{CCE74D85-F829-4DB0-A6D8-A6090AAD80B8}.Debug|Any CPU.ActiveCfg = Debug|Any CPU
		{CCE74D85-F829-4DB0-A6D8-A6090AAD80B8}.Debug|Any CPU.Build.0 = Debug|Any CPU
		{CCE74D85-F829-4DB0-A6D8-A6090AAD80B8}.Release|Any CPU.ActiveCfg = Release|Any CPU
		{CCE74D85-F829-4DB0-A6D8-A6090AAD80B8}.Release|Any CPU.Build.0 = Release|Any CPU
		{8E8783DE-BFA5-43E4-BB12-BCBF9EC0D7C3}.Debug|Any CPU.ActiveCfg = Debug|Any CPU
		{8E8783DE-BFA5-43E4-BB12-BCBF9EC0D7C3}.Debug|Any CPU.Build.0 = Debug|Any CPU
		{8E8783DE-BFA5-43E4-BB12-BCBF9EC0D7C3}.Release|Any CPU.ActiveCfg = Release|Any CPU
		{8E8783DE-BFA5-43E4-BB12-BCBF9EC0D7C3}.Release|Any CPU.Build.0 = Release|Any CPU
		{842935E2-B24E-4BB3-A609-67C529240DBC}.Debug|Any CPU.ActiveCfg = Debug|Any CPU
		{842935E2-B24E-4BB3-A609-67C529240DBC}.Debug|Any CPU.Build.0 = Debug|Any CPU
		{842935E2-B24E-4BB3-A609-67C529240DBC}.Release|Any CPU.ActiveCfg = Release|Any CPU
		{842935E2-B24E-4BB3-A609-67C529240DBC}.Release|Any CPU.Build.0 = Release|Any CPU
		{EF12F508-7492-4318-9365-5EDC484766FA}.Debug|Any CPU.ActiveCfg = Debug|Any CPU
		{EF12F508-7492-4318-9365-5EDC484766FA}.Debug|Any CPU.Build.0 = Debug|Any CPU
		{EF12F508-7492-4318-9365-5EDC484766FA}.Release|Any CPU.ActiveCfg = Release|Any CPU
		{EF12F508-7492-4318-9365-5EDC484766FA}.Release|Any CPU.Build.0 = Release|Any CPU
		{06148BF4-D28B-484A-A8EE-E15CFCC9DC0B}.Debug|Any CPU.ActiveCfg = Debug|Any CPU
		{06148BF4-D28B-484A-A8EE-E15CFCC9DC0B}.Debug|Any CPU.Build.0 = Debug|Any CPU
		{06148BF4-D28B-484A-A8EE-E15CFCC9DC0B}.Debug|Any CPU.Deploy.0 = Debug|Any CPU
		{06148BF4-D28B-484A-A8EE-E15CFCC9DC0B}.Release|Any CPU.ActiveCfg = Release|Any CPU
		{06148BF4-D28B-484A-A8EE-E15CFCC9DC0B}.Release|Any CPU.Build.0 = Release|Any CPU
		{06148BF4-D28B-484A-A8EE-E15CFCC9DC0B}.Release|Any CPU.Deploy.0 = Release|Any CPU
	EndGlobalSection
	GlobalSection(SolutionProperties) = preSolution
		HideSolutionNode = FALSE
	EndGlobalSection
EndGlobal
